
Microsoft Visual Studio Solution File, Format Version 12.00
# Visual Studio 15
VisualStudioVersion = 15.0.28307.106
MinimumVisualStudioVersion = 10.0.40219.1
Project("{FAE04EC0-301F-11D3-BF4B-00C04F79EFBC}") = "1. PolymorphysmC", "..\1. PolymorphysmC\1. PolymorphysmC.csproj", "{90D78A80-B045-42FC-BB5E-24DEF287B4E8}"
EndProject
Global
	GlobalSection(SolutionConfigurationPlatforms) = preSolution
		Debug|Any CPU = Debug|Any CPU
		Release|Any CPU = Release|Any CPU
	EndGlobalSection
	GlobalSection(ProjectConfigurationPlatforms) = postSolution
		{90D78A80-B045-42FC-BB5E-24DEF287B4E8}.Debug|Any CPU.ActiveCfg = Debug|Any CPU
		{90D78A80-B045-42FC-BB5E-24DEF287B4E8}.Debug|Any CPU.Build.0 = Debug|Any CPU
		{90D78A80-B045-42FC-BB5E-24DEF287B4E8}.Release|Any CPU.ActiveCfg = Release|Any CPU
		{90D78A80-B045-42FC-BB5E-24DEF287B4E8}.Release|Any CPU.Build.0 = Release|Any CPU
	EndGlobalSection
	GlobalSection(SolutionProperties) = preSolution
		HideSolutionNode = FALSE
	EndGlobalSection
	GlobalSection(ExtensibilityGlobals) = postSolution
		SolutionGuid = {ADFA4BA2-6239-4A4E-9E35-A7202D17592F}
	EndGlobalSection
EndGlobal
