
Microsoft Visual Studio Solution File, Format Version 12.00
# Visual Studio 15
VisualStudioVersion = 15.0.28307.106
MinimumVisualStudioVersion = 10.0.40219.1
Project("{FAE04EC0-301F-11D3-BF4B-00C04F79EFBC}") = "1. For loop", "1. For loop\1. For loop.csproj", "{A310D24A-40D8-43D0-8155-DF8D32386936}"
EndProject
Global
	GlobalSection(SolutionConfigurationPlatforms) = preSolution
		Debug|Any CPU = Debug|Any CPU
		Release|Any CPU = Release|Any CPU
	EndGlobalSection
	GlobalSection(ProjectConfigurationPlatforms) = postSolution
		{A310D24A-40D8-43D0-8155-DF8D32386936}.Debug|Any CPU.ActiveCfg = Debug|Any CPU
		{A310D24A-40D8-43D0-8155-DF8D32386936}.Debug|Any CPU.Build.0 = Debug|Any CPU
		{A310D24A-40D8-43D0-8155-DF8D32386936}.Release|Any CPU.ActiveCfg = Release|Any CPU
		{A310D24A-40D8-43D0-8155-DF8D32386936}.Release|Any CPU.Build.0 = Release|Any CPU
	EndGlobalSection
	GlobalSection(SolutionProperties) = preSolution
		HideSolutionNode = FALSE
	EndGlobalSection
	GlobalSection(ExtensibilityGlobals) = postSolution
		SolutionGuid = {782A368D-B800-4538-90F9-DBC09D557CF9}
	EndGlobalSection
EndGlobal
