
Microsoft Visual Studio Solution File, Format Version 12.00
# Visual Studio 15
VisualStudioVersion = 15.0.28307.106
MinimumVisualStudioVersion = 10.0.40219.1
Project("{FAE04EC0-301F-11D3-BF4B-00C04F79EFBC}") = "1. For loop", "1. For loop\1. For loop.csproj", "{A310D24A-40D8-43D0-8155-DF8D32386936}"
EndProject
Project("{FAE04EC0-301F-11D3-BF4B-00C04F79EFBC}") = "2. Do while", "2. Do while\2. Do while.csproj", "{25E890A6-EF35-4835-8FFF-6476CFA4A821}"
EndProject
Project("{2150E333-8FDC-42A3-9474-1A3956D46DE8}") = "Exercises", "Exercises", "{2127AF44-7A1E-44C3-ABB3-912ABAF08022}"
EndProject
Project("{FAE04EC0-301F-11D3-BF4B-00C04F79EFBC}") = "3. While", "3. While\3. While.csproj", "{18CC5588-EB73-46D4-BEBA-E92DD4B03A09}"
EndProject
Project("{FAE04EC0-301F-11D3-BF4B-00C04F79EFBC}") = "4. Break and continue", "4. Break and continue\4. Break and continue.csproj", "{F5018B0D-EE4C-4DC3-9577-317B535EDE09}"
EndProject
Project("{FAE04EC0-301F-11D3-BF4B-00C04F79EFBC}") = "5. Challenge", "5. Challenge\5. Challenge.csproj", "{17900F13-53A8-43FC-96BB-1A948B4E27C6}"
EndProject
Project("{FAE04EC0-301F-11D3-BF4B-00C04F79EFBC}") = "1", "1\1.csproj", "{1C4C3CA2-09DC-4964-94D5-AB9A7CCF1CB6}"
EndProject
Project("{FAE04EC0-301F-11D3-BF4B-00C04F79EFBC}") = "2", "2\2.csproj", "{44757880-F4F6-4C34-BCAC-391CF11E068A}"
EndProject
Project("{FAE04EC0-301F-11D3-BF4B-00C04F79EFBC}") = "3", "3\3.csproj", "{CDB5A33E-EEB7-4F41-AF31-0C2643921271}"
EndProject
Project("{FAE04EC0-301F-11D3-BF4B-00C04F79EFBC}") = "4", "4\4.csproj", "{2B496B98-018A-42D3-8A9D-F896C88DCCCC}"
EndProject
Project("{FAE04EC0-301F-11D3-BF4B-00C04F79EFBC}") = "5", "5\5.csproj", "{5805A3A6-40F2-42EE-B1C9-FCCDF167A2F4}"
EndProject
Project("{FAE04EC0-301F-11D3-BF4B-00C04F79EFBC}") = "6", "6\6.csproj", "{1DDC7C9C-79BD-4FC5-A14F-AF20B2AB0606}"
EndProject
Project("{FAE04EC0-301F-11D3-BF4B-00C04F79EFBC}") = "7", "7\7.csproj", "{DC63D668-09C0-4613-A270-892FEBEDEF79}"
EndProject
Project("{FAE04EC0-301F-11D3-BF4B-00C04F79EFBC}") = "8", "8\8.csproj", "{F9061F31-EA75-4F49-B678-1D041E01E7F5}"
EndProject
Project("{FAE04EC0-301F-11D3-BF4B-00C04F79EFBC}") = "9", "9\9.csproj", "{A50E6285-DD84-4B4F-8D7B-5346445133B6}"
EndProject
Project("{FAE04EC0-301F-11D3-BF4B-00C04F79EFBC}") = "10", "10\10.csproj", "{253BC8B1-C025-412D-914E-A7484188C957}"
EndProject
Project("{FAE04EC0-301F-11D3-BF4B-00C04F79EFBC}") = "11", "11\11.csproj", "{269E7CC4-8193-45F6-A579-5F3E6808C2EC}"
EndProject
Global
	GlobalSection(SolutionConfigurationPlatforms) = preSolution
		Debug|Any CPU = Debug|Any CPU
		Release|Any CPU = Release|Any CPU
	EndGlobalSection
	GlobalSection(ProjectConfigurationPlatforms) = postSolution
		{A310D24A-40D8-43D0-8155-DF8D32386936}.Debug|Any CPU.ActiveCfg = Debug|Any CPU
		{A310D24A-40D8-43D0-8155-DF8D32386936}.Debug|Any CPU.Build.0 = Debug|Any CPU
		{A310D24A-40D8-43D0-8155-DF8D32386936}.Release|Any CPU.ActiveCfg = Release|Any CPU
		{A310D24A-40D8-43D0-8155-DF8D32386936}.Release|Any CPU.Build.0 = Release|Any CPU
		{25E890A6-EF35-4835-8FFF-6476CFA4A821}.Debug|Any CPU.ActiveCfg = Debug|Any CPU
		{25E890A6-EF35-4835-8FFF-6476CFA4A821}.Debug|Any CPU.Build.0 = Debug|Any CPU
		{25E890A6-EF35-4835-8FFF-6476CFA4A821}.Release|Any CPU.ActiveCfg = Release|Any CPU
		{25E890A6-EF35-4835-8FFF-6476CFA4A821}.Release|Any CPU.Build.0 = Release|Any CPU
		{18CC5588-EB73-46D4-BEBA-E92DD4B03A09}.Debug|Any CPU.ActiveCfg = Debug|Any CPU
		{18CC5588-EB73-46D4-BEBA-E92DD4B03A09}.Debug|Any CPU.Build.0 = Debug|Any CPU
		{18CC5588-EB73-46D4-BEBA-E92DD4B03A09}.Release|Any CPU.ActiveCfg = Release|Any CPU
		{18CC5588-EB73-46D4-BEBA-E92DD4B03A09}.Release|Any CPU.Build.0 = Release|Any CPU
		{F5018B0D-EE4C-4DC3-9577-317B535EDE09}.Debug|Any CPU.ActiveCfg = Debug|Any CPU
		{F5018B0D-EE4C-4DC3-9577-317B535EDE09}.Debug|Any CPU.Build.0 = Debug|Any CPU
		{F5018B0D-EE4C-4DC3-9577-317B535EDE09}.Release|Any CPU.ActiveCfg = Release|Any CPU
		{F5018B0D-EE4C-4DC3-9577-317B535EDE09}.Release|Any CPU.Build.0 = Release|Any CPU
		{17900F13-53A8-43FC-96BB-1A948B4E27C6}.Debug|Any CPU.ActiveCfg = Debug|Any CPU
		{17900F13-53A8-43FC-96BB-1A948B4E27C6}.Debug|Any CPU.Build.0 = Debug|Any CPU
		{17900F13-53A8-43FC-96BB-1A948B4E27C6}.Release|Any CPU.ActiveCfg = Release|Any CPU
		{17900F13-53A8-43FC-96BB-1A948B4E27C6}.Release|Any CPU.Build.0 = Release|Any CPU
		{1C4C3CA2-09DC-4964-94D5-AB9A7CCF1CB6}.Debug|Any CPU.ActiveCfg = Debug|Any CPU
		{1C4C3CA2-09DC-4964-94D5-AB9A7CCF1CB6}.Debug|Any CPU.Build.0 = Debug|Any CPU
		{1C4C3CA2-09DC-4964-94D5-AB9A7CCF1CB6}.Release|Any CPU.ActiveCfg = Release|Any CPU
		{1C4C3CA2-09DC-4964-94D5-AB9A7CCF1CB6}.Release|Any CPU.Build.0 = Release|Any CPU
		{44757880-F4F6-4C34-BCAC-391CF11E068A}.Debug|Any CPU.ActiveCfg = Debug|Any CPU
		{44757880-F4F6-4C34-BCAC-391CF11E068A}.Debug|Any CPU.Build.0 = Debug|Any CPU
		{44757880-F4F6-4C34-BCAC-391CF11E068A}.Release|Any CPU.ActiveCfg = Release|Any CPU
		{44757880-F4F6-4C34-BCAC-391CF11E068A}.Release|Any CPU.Build.0 = Release|Any CPU
		{CDB5A33E-EEB7-4F41-AF31-0C2643921271}.Debug|Any CPU.ActiveCfg = Debug|Any CPU
		{CDB5A33E-EEB7-4F41-AF31-0C2643921271}.Debug|Any CPU.Build.0 = Debug|Any CPU
		{CDB5A33E-EEB7-4F41-AF31-0C2643921271}.Release|Any CPU.ActiveCfg = Release|Any CPU
		{CDB5A33E-EEB7-4F41-AF31-0C2643921271}.Release|Any CPU.Build.0 = Release|Any CPU
		{2B496B98-018A-42D3-8A9D-F896C88DCCCC}.Debug|Any CPU.ActiveCfg = Debug|Any CPU
		{2B496B98-018A-42D3-8A9D-F896C88DCCCC}.Debug|Any CPU.Build.0 = Debug|Any CPU
		{2B496B98-018A-42D3-8A9D-F896C88DCCCC}.Release|Any CPU.ActiveCfg = Release|Any CPU
		{2B496B98-018A-42D3-8A9D-F896C88DCCCC}.Release|Any CPU.Build.0 = Release|Any CPU
		{5805A3A6-40F2-42EE-B1C9-FCCDF167A2F4}.Debug|Any CPU.ActiveCfg = Debug|Any CPU
		{5805A3A6-40F2-42EE-B1C9-FCCDF167A2F4}.Debug|Any CPU.Build.0 = Debug|Any CPU
		{5805A3A6-40F2-42EE-B1C9-FCCDF167A2F4}.Release|Any CPU.ActiveCfg = Release|Any CPU
		{5805A3A6-40F2-42EE-B1C9-FCCDF167A2F4}.Release|Any CPU.Build.0 = Release|Any CPU
		{1DDC7C9C-79BD-4FC5-A14F-AF20B2AB0606}.Debug|Any CPU.ActiveCfg = Debug|Any CPU
		{1DDC7C9C-79BD-4FC5-A14F-AF20B2AB0606}.Debug|Any CPU.Build.0 = Debug|Any CPU
		{1DDC7C9C-79BD-4FC5-A14F-AF20B2AB0606}.Release|Any CPU.ActiveCfg = Release|Any CPU
		{1DDC7C9C-79BD-4FC5-A14F-AF20B2AB0606}.Release|Any CPU.Build.0 = Release|Any CPU
		{DC63D668-09C0-4613-A270-892FEBEDEF79}.Debug|Any CPU.ActiveCfg = Debug|Any CPU
		{DC63D668-09C0-4613-A270-892FEBEDEF79}.Debug|Any CPU.Build.0 = Debug|Any CPU
		{DC63D668-09C0-4613-A270-892FEBEDEF79}.Release|Any CPU.ActiveCfg = Release|Any CPU
		{DC63D668-09C0-4613-A270-892FEBEDEF79}.Release|Any CPU.Build.0 = Release|Any CPU
		{F9061F31-EA75-4F49-B678-1D041E01E7F5}.Debug|Any CPU.ActiveCfg = Debug|Any CPU
		{F9061F31-EA75-4F49-B678-1D041E01E7F5}.Debug|Any CPU.Build.0 = Debug|Any CPU
		{F9061F31-EA75-4F49-B678-1D041E01E7F5}.Release|Any CPU.ActiveCfg = Release|Any CPU
		{F9061F31-EA75-4F49-B678-1D041E01E7F5}.Release|Any CPU.Build.0 = Release|Any CPU
		{A50E6285-DD84-4B4F-8D7B-5346445133B6}.Debug|Any CPU.ActiveCfg = Debug|Any CPU
		{A50E6285-DD84-4B4F-8D7B-5346445133B6}.Debug|Any CPU.Build.0 = Debug|Any CPU
		{A50E6285-DD84-4B4F-8D7B-5346445133B6}.Release|Any CPU.ActiveCfg = Release|Any CPU
		{A50E6285-DD84-4B4F-8D7B-5346445133B6}.Release|Any CPU.Build.0 = Release|Any CPU
		{253BC8B1-C025-412D-914E-A7484188C957}.Debug|Any CPU.ActiveCfg = Debug|Any CPU
		{253BC8B1-C025-412D-914E-A7484188C957}.Debug|Any CPU.Build.0 = Debug|Any CPU
		{253BC8B1-C025-412D-914E-A7484188C957}.Release|Any CPU.ActiveCfg = Release|Any CPU
		{253BC8B1-C025-412D-914E-A7484188C957}.Release|Any CPU.Build.0 = Release|Any CPU
		{269E7CC4-8193-45F6-A579-5F3E6808C2EC}.Debug|Any CPU.ActiveCfg = Debug|Any CPU
		{269E7CC4-8193-45F6-A579-5F3E6808C2EC}.Debug|Any CPU.Build.0 = Debug|Any CPU
		{269E7CC4-8193-45F6-A579-5F3E6808C2EC}.Release|Any CPU.ActiveCfg = Release|Any CPU
		{269E7CC4-8193-45F6-A579-5F3E6808C2EC}.Release|Any CPU.Build.0 = Release|Any CPU
	EndGlobalSection
	GlobalSection(SolutionProperties) = preSolution
		HideSolutionNode = FALSE
	EndGlobalSection
	GlobalSection(NestedProjects) = preSolution
		{1C4C3CA2-09DC-4964-94D5-AB9A7CCF1CB6} = {2127AF44-7A1E-44C3-ABB3-912ABAF08022}
		{44757880-F4F6-4C34-BCAC-391CF11E068A} = {2127AF44-7A1E-44C3-ABB3-912ABAF08022}
		{CDB5A33E-EEB7-4F41-AF31-0C2643921271} = {2127AF44-7A1E-44C3-ABB3-912ABAF08022}
		{2B496B98-018A-42D3-8A9D-F896C88DCCCC} = {2127AF44-7A1E-44C3-ABB3-912ABAF08022}
		{5805A3A6-40F2-42EE-B1C9-FCCDF167A2F4} = {2127AF44-7A1E-44C3-ABB3-912ABAF08022}
		{1DDC7C9C-79BD-4FC5-A14F-AF20B2AB0606} = {2127AF44-7A1E-44C3-ABB3-912ABAF08022}
		{DC63D668-09C0-4613-A270-892FEBEDEF79} = {2127AF44-7A1E-44C3-ABB3-912ABAF08022}
		{F9061F31-EA75-4F49-B678-1D041E01E7F5} = {2127AF44-7A1E-44C3-ABB3-912ABAF08022}
		{A50E6285-DD84-4B4F-8D7B-5346445133B6} = {2127AF44-7A1E-44C3-ABB3-912ABAF08022}
		{253BC8B1-C025-412D-914E-A7484188C957} = {2127AF44-7A1E-44C3-ABB3-912ABAF08022}
		{269E7CC4-8193-45F6-A579-5F3E6808C2EC} = {2127AF44-7A1E-44C3-ABB3-912ABAF08022}
	EndGlobalSection
	GlobalSection(ExtensibilityGlobals) = postSolution
		SolutionGuid = {782A368D-B800-4538-90F9-DBC09D557CF9}
	EndGlobalSection
EndGlobal
