
Microsoft Visual Studio Solution File, Format Version 12.00
# Visual Studio 15
VisualStudioVersion = 15.0.28307.106
MinimumVisualStudioVersion = 10.0.40219.1
Project("{FAE04EC0-301F-11D3-BF4B-00C04F79EFBC}") = "1. Lambda", "..\1. Lambda\1. Lambda.csproj", "{34068318-0590-490B-B294-D8EF7C2253E0}"
EndProject
Project("{FAE04EC0-301F-11D3-BF4B-00C04F79EFBC}") = "2. Arrayslists vs Lists vs Arrays", "2. Arrayslists vs Lists vs Arrays\2. Arrayslists vs Lists vs Arrays.csproj", "{493F0B23-CF48-4990-AC5C-7DB1F631B4E4}"
EndProject
Project("{FAE04EC0-301F-11D3-BF4B-00C04F79EFBC}") = "3. structs", "3. structs\3. structs.csproj", "{2710E348-F0A4-4E5C-9778-68CBD69022F7}"
EndProject
Project("{FAE04EC0-301F-11D3-BF4B-00C04F79EFBC}") = "4.Enums", "4.Enums\4.Enums.csproj", "{06DCF6F7-A923-46C5-A33F-CF62F86661A5}"
EndProject
Project("{FAE04EC0-301F-11D3-BF4B-00C04F79EFBC}") = "5. MathE", "5. Math\5. MathE.csproj", "{207F9A09-51A6-44BD-AE09-A192A2F13005}"
EndProject
Global
	GlobalSection(SolutionConfigurationPlatforms) = preSolution
		Debug|Any CPU = Debug|Any CPU
		Release|Any CPU = Release|Any CPU
	EndGlobalSection
	GlobalSection(ProjectConfigurationPlatforms) = postSolution
		{34068318-0590-490B-B294-D8EF7C2253E0}.Debug|Any CPU.ActiveCfg = Debug|Any CPU
		{34068318-0590-490B-B294-D8EF7C2253E0}.Debug|Any CPU.Build.0 = Debug|Any CPU
		{34068318-0590-490B-B294-D8EF7C2253E0}.Release|Any CPU.ActiveCfg = Release|Any CPU
		{34068318-0590-490B-B294-D8EF7C2253E0}.Release|Any CPU.Build.0 = Release|Any CPU
		{493F0B23-CF48-4990-AC5C-7DB1F631B4E4}.Debug|Any CPU.ActiveCfg = Debug|Any CPU
		{493F0B23-CF48-4990-AC5C-7DB1F631B4E4}.Debug|Any CPU.Build.0 = Debug|Any CPU
		{493F0B23-CF48-4990-AC5C-7DB1F631B4E4}.Release|Any CPU.ActiveCfg = Release|Any CPU
		{493F0B23-CF48-4990-AC5C-7DB1F631B4E4}.Release|Any CPU.Build.0 = Release|Any CPU
		{2710E348-F0A4-4E5C-9778-68CBD69022F7}.Debug|Any CPU.ActiveCfg = Debug|Any CPU
		{2710E348-F0A4-4E5C-9778-68CBD69022F7}.Debug|Any CPU.Build.0 = Debug|Any CPU
		{2710E348-F0A4-4E5C-9778-68CBD69022F7}.Release|Any CPU.ActiveCfg = Release|Any CPU
		{2710E348-F0A4-4E5C-9778-68CBD69022F7}.Release|Any CPU.Build.0 = Release|Any CPU
		{06DCF6F7-A923-46C5-A33F-CF62F86661A5}.Debug|Any CPU.ActiveCfg = Debug|Any CPU
		{06DCF6F7-A923-46C5-A33F-CF62F86661A5}.Debug|Any CPU.Build.0 = Debug|Any CPU
		{06DCF6F7-A923-46C5-A33F-CF62F86661A5}.Release|Any CPU.ActiveCfg = Release|Any CPU
		{06DCF6F7-A923-46C5-A33F-CF62F86661A5}.Release|Any CPU.Build.0 = Release|Any CPU
		{207F9A09-51A6-44BD-AE09-A192A2F13005}.Debug|Any CPU.ActiveCfg = Debug|Any CPU
		{207F9A09-51A6-44BD-AE09-A192A2F13005}.Debug|Any CPU.Build.0 = Debug|Any CPU
		{207F9A09-51A6-44BD-AE09-A192A2F13005}.Release|Any CPU.ActiveCfg = Release|Any CPU
		{207F9A09-51A6-44BD-AE09-A192A2F13005}.Release|Any CPU.Build.0 = Release|Any CPU
	EndGlobalSection
	GlobalSection(SolutionProperties) = preSolution
		HideSolutionNode = FALSE
	EndGlobalSection
	GlobalSection(ExtensibilityGlobals) = postSolution
		SolutionGuid = {43C9191C-2C84-4351-A40E-F5DB74EE346A}
	EndGlobalSection
EndGlobal
