
Microsoft Visual Studio Solution File, Format Version 12.00
# Visual Studio 15
VisualStudioVersion = 15.0.28307.106
MinimumVisualStudioVersion = 10.0.40219.1
Project("{FAE04EC0-301F-11D3-BF4B-00C04F79EFBC}") = "WPF 01C", "WPF 01C.csproj", "{696ABC0A-0B4E-4361-942F-2B1A2E4B7EDD}"
EndProject
Global
	GlobalSection(SolutionConfigurationPlatforms) = preSolution
		Debug|Any CPU = Debug|Any CPU
		Release|Any CPU = Release|Any CPU
	EndGlobalSection
	GlobalSection(ProjectConfigurationPlatforms) = postSolution
		{696ABC0A-0B4E-4361-942F-2B1A2E4B7EDD}.Debug|Any CPU.ActiveCfg = Debug|Any CPU
		{696ABC0A-0B4E-4361-942F-2B1A2E4B7EDD}.Debug|Any CPU.Build.0 = Debug|Any CPU
		{696ABC0A-0B4E-4361-942F-2B1A2E4B7EDD}.Release|Any CPU.ActiveCfg = Release|Any CPU
		{696ABC0A-0B4E-4361-942F-2B1A2E4B7EDD}.Release|Any CPU.Build.0 = Release|Any CPU
	EndGlobalSection
	GlobalSection(SolutionProperties) = preSolution
		HideSolutionNode = FALSE
	EndGlobalSection
	GlobalSection(ExtensibilityGlobals) = postSolution
		SolutionGuid = {461E2332-57DE-4692-A8B4-C814C03BD6F8}
	EndGlobalSection
EndGlobal
