
Microsoft Visual Studio Solution File, Format Version 12.00
# Visual Studio 15
VisualStudioVersion = 15.0.28307.106
MinimumVisualStudioVersion = 10.0.40219.1
Project("{FAE04EC0-301F-11D3-BF4B-00C04F79EFBC}") = "1. introduction", "..\1. introduction\1. introduction.csproj", "{AE2D1ABA-AE3B-4A16-8677-A8BFD0847805}"
EndProject
Project("{FAE04EC0-301F-11D3-BF4B-00C04F79EFBC}") = "2. Nested If Statements", "2. Nested If Statements\2. Nested If Statements.csproj", "{67468A2C-9C3F-4A4D-85A2-C7D435A2F4F7}"
EndProject
Project("{FAE04EC0-301F-11D3-BF4B-00C04F79EFBC}") = "3. Challenge", "3. Challenge\3. Challenge.csproj", "{A1CF527A-5540-40D5-8D53-ADA2304846E1}"
EndProject
Project("{FAE04EC0-301F-11D3-BF4B-00C04F79EFBC}") = "4. Switch", "4. Switch\4. Switch.csproj", "{CD1323ED-BC59-4B01-98D5-E92FC29DD302}"
EndProject
Project("{FAE04EC0-301F-11D3-BF4B-00C04F79EFBC}") = "5. Chalenge2", "5. Chalenge2\5. Chalenge2.csproj", "{AC8C89ED-736D-4C6C-9B54-8FDA6F43C5CE}"
EndProject
Project("{FAE04EC0-301F-11D3-BF4B-00C04F79EFBC}") = "6. Enchanced if statements", "6. Enchanced if statements\6. Enchanced if statements.csproj", "{9CB66761-E4AB-4A57-B549-2240FF1DCEC9}"
EndProject
Project("{2150E333-8FDC-42A3-9474-1A3956D46DE8}") = "Exercises", "Exercises", "{A6BAE22E-128E-4D3C-BE6A-CAFCE2721A9C}"
EndProject
Project("{FAE04EC0-301F-11D3-BF4B-00C04F79EFBC}") = "1", "1\1.csproj", "{12472F76-5F0A-4691-9AFD-A92E199AEF4D}"
EndProject
Project("{FAE04EC0-301F-11D3-BF4B-00C04F79EFBC}") = "2", "2\2.csproj", "{C710DDEF-8FA3-4B8E-B75D-0A30B69FF613}"
EndProject
Project("{FAE04EC0-301F-11D3-BF4B-00C04F79EFBC}") = "3", "3\3.csproj", "{9F94349D-C6B5-494A-93D3-D120525499DF}"
EndProject
Project("{FAE04EC0-301F-11D3-BF4B-00C04F79EFBC}") = "4", "4\4.csproj", "{391C0A62-FCB1-4897-941A-4AC47165BAE0}"
EndProject
Project("{FAE04EC0-301F-11D3-BF4B-00C04F79EFBC}") = "5", "5\5.csproj", "{C5591F45-3170-4E54-A2EA-B3372971F8D5}"
EndProject
Project("{FAE04EC0-301F-11D3-BF4B-00C04F79EFBC}") = "6", "6\6.csproj", "{C466E76C-7529-4176-9EF3-2C807D6AC981}"
EndProject
Project("{FAE04EC0-301F-11D3-BF4B-00C04F79EFBC}") = "7", "7\7.csproj", "{7A5CD7F3-4834-4E5E-AE70-D1F29935305A}"
EndProject
Project("{FAE04EC0-301F-11D3-BF4B-00C04F79EFBC}") = "8", "8\8.csproj", "{57E0F60B-1404-42A6-9AAA-84586AC3482A}"
EndProject
Project("{FAE04EC0-301F-11D3-BF4B-00C04F79EFBC}") = "9", "9\9.csproj", "{561707AF-C7C9-46E0-A59C-6BD64267CAE7}"
EndProject
Project("{FAE04EC0-301F-11D3-BF4B-00C04F79EFBC}") = "10", "10\10.csproj", "{CBCF003D-1A80-4A5B-A67C-24785AEB0804}"
EndProject
Project("{FAE04EC0-301F-11D3-BF4B-00C04F79EFBC}") = "11", "11\11.csproj", "{67D908A9-B139-4DAD-A6DF-123FD5CE38DF}"
EndProject
Project("{FAE04EC0-301F-11D3-BF4B-00C04F79EFBC}") = "12", "12\12.csproj", "{23782427-D699-4BAA-BEB7-000ADFD825A6}"
EndProject
Project("{FAE04EC0-301F-11D3-BF4B-00C04F79EFBC}") = "13", "13\13.csproj", "{FDD4A9FC-B337-467F-8A46-99224084E5F1}"
EndProject
Project("{FAE04EC0-301F-11D3-BF4B-00C04F79EFBC}") = "14", "14\14.csproj", "{FC7BB77C-50EF-4ACD-B159-26B48758DA62}"
EndProject
Project("{FAE04EC0-301F-11D3-BF4B-00C04F79EFBC}") = "15", "15\15.csproj", "{628C9046-C262-4711-8A96-9F5F43CD828D}"
EndProject
Global
	GlobalSection(SolutionConfigurationPlatforms) = preSolution
		Debug|Any CPU = Debug|Any CPU
		Release|Any CPU = Release|Any CPU
	EndGlobalSection
	GlobalSection(ProjectConfigurationPlatforms) = postSolution
		{AE2D1ABA-AE3B-4A16-8677-A8BFD0847805}.Debug|Any CPU.ActiveCfg = Debug|Any CPU
		{AE2D1ABA-AE3B-4A16-8677-A8BFD0847805}.Debug|Any CPU.Build.0 = Debug|Any CPU
		{AE2D1ABA-AE3B-4A16-8677-A8BFD0847805}.Release|Any CPU.ActiveCfg = Release|Any CPU
		{AE2D1ABA-AE3B-4A16-8677-A8BFD0847805}.Release|Any CPU.Build.0 = Release|Any CPU
		{67468A2C-9C3F-4A4D-85A2-C7D435A2F4F7}.Debug|Any CPU.ActiveCfg = Debug|Any CPU
		{67468A2C-9C3F-4A4D-85A2-C7D435A2F4F7}.Debug|Any CPU.Build.0 = Debug|Any CPU
		{67468A2C-9C3F-4A4D-85A2-C7D435A2F4F7}.Release|Any CPU.ActiveCfg = Release|Any CPU
		{67468A2C-9C3F-4A4D-85A2-C7D435A2F4F7}.Release|Any CPU.Build.0 = Release|Any CPU
		{A1CF527A-5540-40D5-8D53-ADA2304846E1}.Debug|Any CPU.ActiveCfg = Debug|Any CPU
		{A1CF527A-5540-40D5-8D53-ADA2304846E1}.Debug|Any CPU.Build.0 = Debug|Any CPU
		{A1CF527A-5540-40D5-8D53-ADA2304846E1}.Release|Any CPU.ActiveCfg = Release|Any CPU
		{A1CF527A-5540-40D5-8D53-ADA2304846E1}.Release|Any CPU.Build.0 = Release|Any CPU
		{CD1323ED-BC59-4B01-98D5-E92FC29DD302}.Debug|Any CPU.ActiveCfg = Debug|Any CPU
		{CD1323ED-BC59-4B01-98D5-E92FC29DD302}.Debug|Any CPU.Build.0 = Debug|Any CPU
		{CD1323ED-BC59-4B01-98D5-E92FC29DD302}.Release|Any CPU.ActiveCfg = Release|Any CPU
		{CD1323ED-BC59-4B01-98D5-E92FC29DD302}.Release|Any CPU.Build.0 = Release|Any CPU
		{AC8C89ED-736D-4C6C-9B54-8FDA6F43C5CE}.Debug|Any CPU.ActiveCfg = Debug|Any CPU
		{AC8C89ED-736D-4C6C-9B54-8FDA6F43C5CE}.Debug|Any CPU.Build.0 = Debug|Any CPU
		{AC8C89ED-736D-4C6C-9B54-8FDA6F43C5CE}.Release|Any CPU.ActiveCfg = Release|Any CPU
		{AC8C89ED-736D-4C6C-9B54-8FDA6F43C5CE}.Release|Any CPU.Build.0 = Release|Any CPU
		{9CB66761-E4AB-4A57-B549-2240FF1DCEC9}.Debug|Any CPU.ActiveCfg = Debug|Any CPU
		{9CB66761-E4AB-4A57-B549-2240FF1DCEC9}.Debug|Any CPU.Build.0 = Debug|Any CPU
		{9CB66761-E4AB-4A57-B549-2240FF1DCEC9}.Release|Any CPU.ActiveCfg = Release|Any CPU
		{9CB66761-E4AB-4A57-B549-2240FF1DCEC9}.Release|Any CPU.Build.0 = Release|Any CPU
		{12472F76-5F0A-4691-9AFD-A92E199AEF4D}.Debug|Any CPU.ActiveCfg = Debug|Any CPU
		{12472F76-5F0A-4691-9AFD-A92E199AEF4D}.Debug|Any CPU.Build.0 = Debug|Any CPU
		{12472F76-5F0A-4691-9AFD-A92E199AEF4D}.Release|Any CPU.ActiveCfg = Release|Any CPU
		{12472F76-5F0A-4691-9AFD-A92E199AEF4D}.Release|Any CPU.Build.0 = Release|Any CPU
		{C710DDEF-8FA3-4B8E-B75D-0A30B69FF613}.Debug|Any CPU.ActiveCfg = Debug|Any CPU
		{C710DDEF-8FA3-4B8E-B75D-0A30B69FF613}.Debug|Any CPU.Build.0 = Debug|Any CPU
		{C710DDEF-8FA3-4B8E-B75D-0A30B69FF613}.Release|Any CPU.ActiveCfg = Release|Any CPU
		{C710DDEF-8FA3-4B8E-B75D-0A30B69FF613}.Release|Any CPU.Build.0 = Release|Any CPU
		{9F94349D-C6B5-494A-93D3-D120525499DF}.Debug|Any CPU.ActiveCfg = Debug|Any CPU
		{9F94349D-C6B5-494A-93D3-D120525499DF}.Debug|Any CPU.Build.0 = Debug|Any CPU
		{9F94349D-C6B5-494A-93D3-D120525499DF}.Release|Any CPU.ActiveCfg = Release|Any CPU
		{9F94349D-C6B5-494A-93D3-D120525499DF}.Release|Any CPU.Build.0 = Release|Any CPU
		{391C0A62-FCB1-4897-941A-4AC47165BAE0}.Debug|Any CPU.ActiveCfg = Debug|Any CPU
		{391C0A62-FCB1-4897-941A-4AC47165BAE0}.Debug|Any CPU.Build.0 = Debug|Any CPU
		{391C0A62-FCB1-4897-941A-4AC47165BAE0}.Release|Any CPU.ActiveCfg = Release|Any CPU
		{391C0A62-FCB1-4897-941A-4AC47165BAE0}.Release|Any CPU.Build.0 = Release|Any CPU
		{C5591F45-3170-4E54-A2EA-B3372971F8D5}.Debug|Any CPU.ActiveCfg = Debug|Any CPU
		{C5591F45-3170-4E54-A2EA-B3372971F8D5}.Debug|Any CPU.Build.0 = Debug|Any CPU
		{C5591F45-3170-4E54-A2EA-B3372971F8D5}.Release|Any CPU.ActiveCfg = Release|Any CPU
		{C5591F45-3170-4E54-A2EA-B3372971F8D5}.Release|Any CPU.Build.0 = Release|Any CPU
		{C466E76C-7529-4176-9EF3-2C807D6AC981}.Debug|Any CPU.ActiveCfg = Debug|Any CPU
		{C466E76C-7529-4176-9EF3-2C807D6AC981}.Debug|Any CPU.Build.0 = Debug|Any CPU
		{C466E76C-7529-4176-9EF3-2C807D6AC981}.Release|Any CPU.ActiveCfg = Release|Any CPU
		{C466E76C-7529-4176-9EF3-2C807D6AC981}.Release|Any CPU.Build.0 = Release|Any CPU
		{7A5CD7F3-4834-4E5E-AE70-D1F29935305A}.Debug|Any CPU.ActiveCfg = Debug|Any CPU
		{7A5CD7F3-4834-4E5E-AE70-D1F29935305A}.Debug|Any CPU.Build.0 = Debug|Any CPU
		{7A5CD7F3-4834-4E5E-AE70-D1F29935305A}.Release|Any CPU.ActiveCfg = Release|Any CPU
		{7A5CD7F3-4834-4E5E-AE70-D1F29935305A}.Release|Any CPU.Build.0 = Release|Any CPU
		{57E0F60B-1404-42A6-9AAA-84586AC3482A}.Debug|Any CPU.ActiveCfg = Debug|Any CPU
		{57E0F60B-1404-42A6-9AAA-84586AC3482A}.Debug|Any CPU.Build.0 = Debug|Any CPU
		{57E0F60B-1404-42A6-9AAA-84586AC3482A}.Release|Any CPU.ActiveCfg = Release|Any CPU
		{57E0F60B-1404-42A6-9AAA-84586AC3482A}.Release|Any CPU.Build.0 = Release|Any CPU
		{561707AF-C7C9-46E0-A59C-6BD64267CAE7}.Debug|Any CPU.ActiveCfg = Debug|Any CPU
		{561707AF-C7C9-46E0-A59C-6BD64267CAE7}.Debug|Any CPU.Build.0 = Debug|Any CPU
		{561707AF-C7C9-46E0-A59C-6BD64267CAE7}.Release|Any CPU.ActiveCfg = Release|Any CPU
		{561707AF-C7C9-46E0-A59C-6BD64267CAE7}.Release|Any CPU.Build.0 = Release|Any CPU
		{CBCF003D-1A80-4A5B-A67C-24785AEB0804}.Debug|Any CPU.ActiveCfg = Debug|Any CPU
		{CBCF003D-1A80-4A5B-A67C-24785AEB0804}.Debug|Any CPU.Build.0 = Debug|Any CPU
		{CBCF003D-1A80-4A5B-A67C-24785AEB0804}.Release|Any CPU.ActiveCfg = Release|Any CPU
		{CBCF003D-1A80-4A5B-A67C-24785AEB0804}.Release|Any CPU.Build.0 = Release|Any CPU
		{67D908A9-B139-4DAD-A6DF-123FD5CE38DF}.Debug|Any CPU.ActiveCfg = Debug|Any CPU
		{67D908A9-B139-4DAD-A6DF-123FD5CE38DF}.Debug|Any CPU.Build.0 = Debug|Any CPU
		{67D908A9-B139-4DAD-A6DF-123FD5CE38DF}.Release|Any CPU.ActiveCfg = Release|Any CPU
		{67D908A9-B139-4DAD-A6DF-123FD5CE38DF}.Release|Any CPU.Build.0 = Release|Any CPU
		{23782427-D699-4BAA-BEB7-000ADFD825A6}.Debug|Any CPU.ActiveCfg = Debug|Any CPU
		{23782427-D699-4BAA-BEB7-000ADFD825A6}.Debug|Any CPU.Build.0 = Debug|Any CPU
		{23782427-D699-4BAA-BEB7-000ADFD825A6}.Release|Any CPU.ActiveCfg = Release|Any CPU
		{23782427-D699-4BAA-BEB7-000ADFD825A6}.Release|Any CPU.Build.0 = Release|Any CPU
		{FDD4A9FC-B337-467F-8A46-99224084E5F1}.Debug|Any CPU.ActiveCfg = Debug|Any CPU
		{FDD4A9FC-B337-467F-8A46-99224084E5F1}.Debug|Any CPU.Build.0 = Debug|Any CPU
		{FDD4A9FC-B337-467F-8A46-99224084E5F1}.Release|Any CPU.ActiveCfg = Release|Any CPU
		{FDD4A9FC-B337-467F-8A46-99224084E5F1}.Release|Any CPU.Build.0 = Release|Any CPU
		{FC7BB77C-50EF-4ACD-B159-26B48758DA62}.Debug|Any CPU.ActiveCfg = Debug|Any CPU
		{FC7BB77C-50EF-4ACD-B159-26B48758DA62}.Debug|Any CPU.Build.0 = Debug|Any CPU
		{FC7BB77C-50EF-4ACD-B159-26B48758DA62}.Release|Any CPU.ActiveCfg = Release|Any CPU
		{FC7BB77C-50EF-4ACD-B159-26B48758DA62}.Release|Any CPU.Build.0 = Release|Any CPU
		{628C9046-C262-4711-8A96-9F5F43CD828D}.Debug|Any CPU.ActiveCfg = Debug|Any CPU
		{628C9046-C262-4711-8A96-9F5F43CD828D}.Debug|Any CPU.Build.0 = Debug|Any CPU
		{628C9046-C262-4711-8A96-9F5F43CD828D}.Release|Any CPU.ActiveCfg = Release|Any CPU
		{628C9046-C262-4711-8A96-9F5F43CD828D}.Release|Any CPU.Build.0 = Release|Any CPU
	EndGlobalSection
	GlobalSection(SolutionProperties) = preSolution
		HideSolutionNode = FALSE
	EndGlobalSection
	GlobalSection(NestedProjects) = preSolution
		{12472F76-5F0A-4691-9AFD-A92E199AEF4D} = {A6BAE22E-128E-4D3C-BE6A-CAFCE2721A9C}
		{C710DDEF-8FA3-4B8E-B75D-0A30B69FF613} = {A6BAE22E-128E-4D3C-BE6A-CAFCE2721A9C}
		{9F94349D-C6B5-494A-93D3-D120525499DF} = {A6BAE22E-128E-4D3C-BE6A-CAFCE2721A9C}
		{391C0A62-FCB1-4897-941A-4AC47165BAE0} = {A6BAE22E-128E-4D3C-BE6A-CAFCE2721A9C}
		{C5591F45-3170-4E54-A2EA-B3372971F8D5} = {A6BAE22E-128E-4D3C-BE6A-CAFCE2721A9C}
		{C466E76C-7529-4176-9EF3-2C807D6AC981} = {A6BAE22E-128E-4D3C-BE6A-CAFCE2721A9C}
		{7A5CD7F3-4834-4E5E-AE70-D1F29935305A} = {A6BAE22E-128E-4D3C-BE6A-CAFCE2721A9C}
		{57E0F60B-1404-42A6-9AAA-84586AC3482A} = {A6BAE22E-128E-4D3C-BE6A-CAFCE2721A9C}
		{561707AF-C7C9-46E0-A59C-6BD64267CAE7} = {A6BAE22E-128E-4D3C-BE6A-CAFCE2721A9C}
		{CBCF003D-1A80-4A5B-A67C-24785AEB0804} = {A6BAE22E-128E-4D3C-BE6A-CAFCE2721A9C}
		{67D908A9-B139-4DAD-A6DF-123FD5CE38DF} = {A6BAE22E-128E-4D3C-BE6A-CAFCE2721A9C}
		{23782427-D699-4BAA-BEB7-000ADFD825A6} = {A6BAE22E-128E-4D3C-BE6A-CAFCE2721A9C}
		{FDD4A9FC-B337-467F-8A46-99224084E5F1} = {A6BAE22E-128E-4D3C-BE6A-CAFCE2721A9C}
		{FC7BB77C-50EF-4ACD-B159-26B48758DA62} = {A6BAE22E-128E-4D3C-BE6A-CAFCE2721A9C}
		{628C9046-C262-4711-8A96-9F5F43CD828D} = {A6BAE22E-128E-4D3C-BE6A-CAFCE2721A9C}
	EndGlobalSection
	GlobalSection(ExtensibilityGlobals) = postSolution
		SolutionGuid = {298A83D1-6AFE-40C7-81F6-B32150DC34B9}
	EndGlobalSection
EndGlobal
