
Microsoft Visual Studio Solution File, Format Version 12.00
# Visual Studio 15
VisualStudioVersion = 15.0.28307.106
MinimumVisualStudioVersion = 10.0.40219.1
Project("{FAE04EC0-301F-11D3-BF4B-00C04F79EFBC}") = "HelloWorld", "HelloWorld\HelloWorld.csproj", "{BE51F230-212A-4A28-A324-ED0577AA1C7A}"
EndProject
Global
	GlobalSection(SolutionConfigurationPlatforms) = preSolution
		Debug|Any CPU = Debug|Any CPU
		Release|Any CPU = Release|Any CPU
	EndGlobalSection
	GlobalSection(ProjectConfigurationPlatforms) = postSolution
		{BE51F230-212A-4A28-A324-ED0577AA1C7A}.Debug|Any CPU.ActiveCfg = Debug|Any CPU
		{BE51F230-212A-4A28-A324-ED0577AA1C7A}.Debug|Any CPU.Build.0 = Debug|Any CPU
		{BE51F230-212A-4A28-A324-ED0577AA1C7A}.Release|Any CPU.ActiveCfg = Release|Any CPU
		{BE51F230-212A-4A28-A324-ED0577AA1C7A}.Release|Any CPU.Build.0 = Release|Any CPU
	EndGlobalSection
	GlobalSection(SolutionProperties) = preSolution
		HideSolutionNode = FALSE
	EndGlobalSection
	GlobalSection(ExtensibilityGlobals) = postSolution
		SolutionGuid = {F002CD52-34C4-47E3-946A-3ECF2FC83C75}
	EndGlobalSection
EndGlobal
