
Microsoft Visual Studio Solution File, Format Version 12.00
# Visual Studio 15
VisualStudioVersion = 15.0.28307.106
MinimumVisualStudioVersion = 10.0.40219.1
Project("{FAE04EC0-301F-11D3-BF4B-00C04F79EFBC}") = "Wpf ZooManager", "Wpf ZooManager.csproj", "{A6EC450C-C564-42F0-A73D-AB70C0977766}"
EndProject
Global
	GlobalSection(SolutionConfigurationPlatforms) = preSolution
		Debug|Any CPU = Debug|Any CPU
		Release|Any CPU = Release|Any CPU
	EndGlobalSection
	GlobalSection(ProjectConfigurationPlatforms) = postSolution
		{A6EC450C-C564-42F0-A73D-AB70C0977766}.Debug|Any CPU.ActiveCfg = Debug|Any CPU
		{A6EC450C-C564-42F0-A73D-AB70C0977766}.Debug|Any CPU.Build.0 = Debug|Any CPU
		{A6EC450C-C564-42F0-A73D-AB70C0977766}.Release|Any CPU.ActiveCfg = Release|Any CPU
		{A6EC450C-C564-42F0-A73D-AB70C0977766}.Release|Any CPU.Build.0 = Release|Any CPU
	EndGlobalSection
	GlobalSection(SolutionProperties) = preSolution
		HideSolutionNode = FALSE
	EndGlobalSection
	GlobalSection(ExtensibilityGlobals) = postSolution
		SolutionGuid = {5E1E61BC-FFBB-48F2-918A-5FEF8155DCB9}
	EndGlobalSection
EndGlobal
