
Microsoft Visual Studio Solution File, Format Version 12.00
# Visual Studio 15
VisualStudioVersion = 15.0.28307.106
MinimumVisualStudioVersion = 10.0.40219.1
Project("{FAE04EC0-301F-11D3-BF4B-00C04F79EFBC}") = "1. Declaring and initializing arrays", "..\1. Declaring and initializing arrays\1. Declaring and initializing arrays.csproj", "{3F52A404-77CC-43AB-B42E-A207C6A0C19E}"
EndProject
Project("{FAE04EC0-301F-11D3-BF4B-00C04F79EFBC}") = "2. ForEach", "ForEach\2. ForEach.csproj", "{B677D955-98AB-4234-A50D-8002392DAAA4}"
EndProject
Project("{FAE04EC0-301F-11D3-BF4B-00C04F79EFBC}") = "3. Multi dimensiona arrays", "3. Multi dimensiona arrays\3. Multi dimensiona arrays.csproj", "{526F559A-EDEC-40AC-AE93-911672198570}"
EndProject
Project("{FAE04EC0-301F-11D3-BF4B-00C04F79EFBC}") = "Tic Tac Toe Game", "Tic Tac Toe Game\Tic Tac Toe Game.csproj", "{F877486C-05D7-4EBE-A8B3-C0EDE316CBA2}"
EndProject
Project("{FAE04EC0-301F-11D3-BF4B-00C04F79EFBC}") = "4. Jagged Array", "4. Jagged Array\4. Jagged Array.csproj", "{99C76152-3216-4D68-A25D-A6DB6E1D7F41}"
EndProject
Project("{FAE04EC0-301F-11D3-BF4B-00C04F79EFBC}") = "JaggedArrays Challenge", "JaggedArrays Challenge\JaggedArrays Challenge.csproj", "{B64B6BF4-6093-4DDD-8341-A843BDC44593}"
EndProject
Project("{FAE04EC0-301F-11D3-BF4B-00C04F79EFBC}") = "5.Using Arrays as Parameters", "Using Arrays as Parameters\5.Using Arrays as Parameters.csproj", "{E67323AF-D030-424C-BC49-789A2DA54F8F}"
EndProject
Project("{FAE04EC0-301F-11D3-BF4B-00C04F79EFBC}") = "6. ArrayLists", "6. ArrayLists\6. ArrayLists.csproj", "{6CDBC3A7-63B0-492F-80D9-217F4836F6E5}"
EndProject
Global
	GlobalSection(SolutionConfigurationPlatforms) = preSolution
		Debug|Any CPU = Debug|Any CPU
		Release|Any CPU = Release|Any CPU
	EndGlobalSection
	GlobalSection(ProjectConfigurationPlatforms) = postSolution
		{3F52A404-77CC-43AB-B42E-A207C6A0C19E}.Debug|Any CPU.ActiveCfg = Debug|Any CPU
		{3F52A404-77CC-43AB-B42E-A207C6A0C19E}.Debug|Any CPU.Build.0 = Debug|Any CPU
		{3F52A404-77CC-43AB-B42E-A207C6A0C19E}.Release|Any CPU.ActiveCfg = Release|Any CPU
		{3F52A404-77CC-43AB-B42E-A207C6A0C19E}.Release|Any CPU.Build.0 = Release|Any CPU
		{B677D955-98AB-4234-A50D-8002392DAAA4}.Debug|Any CPU.ActiveCfg = Debug|Any CPU
		{B677D955-98AB-4234-A50D-8002392DAAA4}.Debug|Any CPU.Build.0 = Debug|Any CPU
		{B677D955-98AB-4234-A50D-8002392DAAA4}.Release|Any CPU.ActiveCfg = Release|Any CPU
		{B677D955-98AB-4234-A50D-8002392DAAA4}.Release|Any CPU.Build.0 = Release|Any CPU
		{526F559A-EDEC-40AC-AE93-911672198570}.Debug|Any CPU.ActiveCfg = Debug|Any CPU
		{526F559A-EDEC-40AC-AE93-911672198570}.Debug|Any CPU.Build.0 = Debug|Any CPU
		{526F559A-EDEC-40AC-AE93-911672198570}.Release|Any CPU.ActiveCfg = Release|Any CPU
		{526F559A-EDEC-40AC-AE93-911672198570}.Release|Any CPU.Build.0 = Release|Any CPU
		{F877486C-05D7-4EBE-A8B3-C0EDE316CBA2}.Debug|Any CPU.ActiveCfg = Debug|Any CPU
		{F877486C-05D7-4EBE-A8B3-C0EDE316CBA2}.Debug|Any CPU.Build.0 = Debug|Any CPU
		{F877486C-05D7-4EBE-A8B3-C0EDE316CBA2}.Release|Any CPU.ActiveCfg = Release|Any CPU
		{F877486C-05D7-4EBE-A8B3-C0EDE316CBA2}.Release|Any CPU.Build.0 = Release|Any CPU
		{99C76152-3216-4D68-A25D-A6DB6E1D7F41}.Debug|Any CPU.ActiveCfg = Debug|Any CPU
		{99C76152-3216-4D68-A25D-A6DB6E1D7F41}.Debug|Any CPU.Build.0 = Debug|Any CPU
		{99C76152-3216-4D68-A25D-A6DB6E1D7F41}.Release|Any CPU.ActiveCfg = Release|Any CPU
		{99C76152-3216-4D68-A25D-A6DB6E1D7F41}.Release|Any CPU.Build.0 = Release|Any CPU
		{B64B6BF4-6093-4DDD-8341-A843BDC44593}.Debug|Any CPU.ActiveCfg = Debug|Any CPU
		{B64B6BF4-6093-4DDD-8341-A843BDC44593}.Debug|Any CPU.Build.0 = Debug|Any CPU
		{B64B6BF4-6093-4DDD-8341-A843BDC44593}.Release|Any CPU.ActiveCfg = Release|Any CPU
		{B64B6BF4-6093-4DDD-8341-A843BDC44593}.Release|Any CPU.Build.0 = Release|Any CPU
		{E67323AF-D030-424C-BC49-789A2DA54F8F}.Debug|Any CPU.ActiveCfg = Debug|Any CPU
		{E67323AF-D030-424C-BC49-789A2DA54F8F}.Debug|Any CPU.Build.0 = Debug|Any CPU
		{E67323AF-D030-424C-BC49-789A2DA54F8F}.Release|Any CPU.ActiveCfg = Release|Any CPU
		{E67323AF-D030-424C-BC49-789A2DA54F8F}.Release|Any CPU.Build.0 = Release|Any CPU
		{6CDBC3A7-63B0-492F-80D9-217F4836F6E5}.Debug|Any CPU.ActiveCfg = Debug|Any CPU
		{6CDBC3A7-63B0-492F-80D9-217F4836F6E5}.Debug|Any CPU.Build.0 = Debug|Any CPU
		{6CDBC3A7-63B0-492F-80D9-217F4836F6E5}.Release|Any CPU.ActiveCfg = Release|Any CPU
		{6CDBC3A7-63B0-492F-80D9-217F4836F6E5}.Release|Any CPU.Build.0 = Release|Any CPU
	EndGlobalSection
	GlobalSection(SolutionProperties) = preSolution
		HideSolutionNode = FALSE
	EndGlobalSection
	GlobalSection(ExtensibilityGlobals) = postSolution
		SolutionGuid = {AB3BCD11-79B9-4644-92A4-9F10AB25A878}
	EndGlobalSection
EndGlobal
