
Microsoft Visual Studio Solution File, Format Version 12.00
# Visual Studio 15
VisualStudioVersion = 15.0.28307.106
MinimumVisualStudioVersion = 10.0.40219.1
Project("{FAE04EC0-301F-11D3-BF4B-00C04F79EFBC}") = "IntFloatDouble", "IntFloatDouble.csproj", "{DA3D10D2-4A51-493A-8CB0-21EEF4D8472E}"
EndProject
Project("{2150E333-8FDC-42A3-9474-1A3956D46DE8}") = "1. int float double", "1. int float double", "{F2DF86C1-ADB1-4C0D-8D89-9971FC214E67}"
EndProject
Project("{2150E333-8FDC-42A3-9474-1A3956D46DE8}") = "2. Strings", "2. Strings", "{8EF2A2DD-FAF6-4B65-9758-1320AF7C1E9B}"
EndProject
Project("{FAE04EC0-301F-11D3-BF4B-00C04F79EFBC}") = "Strings", "..\strings\Strings.csproj", "{75BDCCA4-8D30-4663-8FDF-77FEC3F655C4}"
EndProject
Project("{2150E333-8FDC-42A3-9474-1A3956D46DE8}") = "3. Implict and Explict conversions", "3. Implict and Explict conversions", "{4FDD0C88-CC0D-411C-A304-C243ACC9496A}"
EndProject
Project("{FAE04EC0-301F-11D3-BF4B-00C04F79EFBC}") = "Conversions", "Conversions\Conversions.csproj", "{D00B0719-A9D0-47F2-A49E-57C7008A37DB}"
EndProject
Project("{2150E333-8FDC-42A3-9474-1A3956D46DE8}") = "4. Parsing", "4. Parsing", "{FE375DED-FC8D-415D-A362-847FFED2C262}"
EndProject
Project("{FAE04EC0-301F-11D3-BF4B-00C04F79EFBC}") = "Parsing", "Parsing\Parsing.csproj", "{803583B9-7BC9-49D8-9FB7-0E5F8CE287D7}"
EndProject
Global
	GlobalSection(SolutionConfigurationPlatforms) = preSolution
		Debug|Any CPU = Debug|Any CPU
		Release|Any CPU = Release|Any CPU
	EndGlobalSection
	GlobalSection(ProjectConfigurationPlatforms) = postSolution
		{DA3D10D2-4A51-493A-8CB0-21EEF4D8472E}.Debug|Any CPU.ActiveCfg = Debug|Any CPU
		{DA3D10D2-4A51-493A-8CB0-21EEF4D8472E}.Debug|Any CPU.Build.0 = Debug|Any CPU
		{DA3D10D2-4A51-493A-8CB0-21EEF4D8472E}.Release|Any CPU.ActiveCfg = Release|Any CPU
		{DA3D10D2-4A51-493A-8CB0-21EEF4D8472E}.Release|Any CPU.Build.0 = Release|Any CPU
		{75BDCCA4-8D30-4663-8FDF-77FEC3F655C4}.Debug|Any CPU.ActiveCfg = Debug|Any CPU
		{75BDCCA4-8D30-4663-8FDF-77FEC3F655C4}.Debug|Any CPU.Build.0 = Debug|Any CPU
		{75BDCCA4-8D30-4663-8FDF-77FEC3F655C4}.Release|Any CPU.ActiveCfg = Release|Any CPU
		{75BDCCA4-8D30-4663-8FDF-77FEC3F655C4}.Release|Any CPU.Build.0 = Release|Any CPU
		{D00B0719-A9D0-47F2-A49E-57C7008A37DB}.Debug|Any CPU.ActiveCfg = Debug|Any CPU
		{D00B0719-A9D0-47F2-A49E-57C7008A37DB}.Debug|Any CPU.Build.0 = Debug|Any CPU
		{D00B0719-A9D0-47F2-A49E-57C7008A37DB}.Release|Any CPU.ActiveCfg = Release|Any CPU
		{D00B0719-A9D0-47F2-A49E-57C7008A37DB}.Release|Any CPU.Build.0 = Release|Any CPU
		{803583B9-7BC9-49D8-9FB7-0E5F8CE287D7}.Debug|Any CPU.ActiveCfg = Debug|Any CPU
		{803583B9-7BC9-49D8-9FB7-0E5F8CE287D7}.Debug|Any CPU.Build.0 = Debug|Any CPU
		{803583B9-7BC9-49D8-9FB7-0E5F8CE287D7}.Release|Any CPU.ActiveCfg = Release|Any CPU
		{803583B9-7BC9-49D8-9FB7-0E5F8CE287D7}.Release|Any CPU.Build.0 = Release|Any CPU
	EndGlobalSection
	GlobalSection(SolutionProperties) = preSolution
		HideSolutionNode = FALSE
	EndGlobalSection
	GlobalSection(NestedProjects) = preSolution
		{DA3D10D2-4A51-493A-8CB0-21EEF4D8472E} = {F2DF86C1-ADB1-4C0D-8D89-9971FC214E67}
		{75BDCCA4-8D30-4663-8FDF-77FEC3F655C4} = {8EF2A2DD-FAF6-4B65-9758-1320AF7C1E9B}
		{D00B0719-A9D0-47F2-A49E-57C7008A37DB} = {4FDD0C88-CC0D-411C-A304-C243ACC9496A}
		{803583B9-7BC9-49D8-9FB7-0E5F8CE287D7} = {FE375DED-FC8D-415D-A362-847FFED2C262}
	EndGlobalSection
	GlobalSection(ExtensibilityGlobals) = postSolution
		SolutionGuid = {A7E92FEC-82E2-48E9-9016-038A3E2E8978}
	EndGlobalSection
EndGlobal
