
Microsoft Visual Studio Solution File, Format Version 12.00
# Visual Studio 15
VisualStudioVersion = 15.0.28307.106
MinimumVisualStudioVersion = 10.0.40219.1
Project("{FAE04EC0-301F-11D3-BF4B-00C04F79EFBC}") = "Wpf ListBox", "Wpf ListBox.csproj", "{8CB586B3-2B73-452A-B627-69FE10B27FBF}"
EndProject
Project("{FAE04EC0-301F-11D3-BF4B-00C04F79EFBC}") = "ComboBox", "..\ComboBox\ComboBox.csproj", "{72427350-26BD-4368-9398-7926EC2A5799}"
EndProject
Project("{FAE04EC0-301F-11D3-BF4B-00C04F79EFBC}") = "CheckBox", "CheckBox\CheckBox.csproj", "{089E6027-5171-47B9-8CF3-421974DA15E3}"
EndProject
Project("{FAE04EC0-301F-11D3-BF4B-00C04F79EFBC}") = "Tooltips", "Tooltips\Tooltips.csproj", "{60505BC0-7889-4EA4-931E-2DEA36611CB4}"
EndProject
Global
	GlobalSection(SolutionConfigurationPlatforms) = preSolution
		Debug|Any CPU = Debug|Any CPU
		Release|Any CPU = Release|Any CPU
	EndGlobalSection
	GlobalSection(ProjectConfigurationPlatforms) = postSolution
		{8CB586B3-2B73-452A-B627-69FE10B27FBF}.Debug|Any CPU.ActiveCfg = Debug|Any CPU
		{8CB586B3-2B73-452A-B627-69FE10B27FBF}.Debug|Any CPU.Build.0 = Debug|Any CPU
		{8CB586B3-2B73-452A-B627-69FE10B27FBF}.Release|Any CPU.ActiveCfg = Release|Any CPU
		{8CB586B3-2B73-452A-B627-69FE10B27FBF}.Release|Any CPU.Build.0 = Release|Any CPU
		{72427350-26BD-4368-9398-7926EC2A5799}.Debug|Any CPU.ActiveCfg = Debug|Any CPU
		{72427350-26BD-4368-9398-7926EC2A5799}.Debug|Any CPU.Build.0 = Debug|Any CPU
		{72427350-26BD-4368-9398-7926EC2A5799}.Release|Any CPU.ActiveCfg = Release|Any CPU
		{72427350-26BD-4368-9398-7926EC2A5799}.Release|Any CPU.Build.0 = Release|Any CPU
		{089E6027-5171-47B9-8CF3-421974DA15E3}.Debug|Any CPU.ActiveCfg = Debug|Any CPU
		{089E6027-5171-47B9-8CF3-421974DA15E3}.Debug|Any CPU.Build.0 = Debug|Any CPU
		{089E6027-5171-47B9-8CF3-421974DA15E3}.Release|Any CPU.ActiveCfg = Release|Any CPU
		{089E6027-5171-47B9-8CF3-421974DA15E3}.Release|Any CPU.Build.0 = Release|Any CPU
		{60505BC0-7889-4EA4-931E-2DEA36611CB4}.Debug|Any CPU.ActiveCfg = Debug|Any CPU
		{60505BC0-7889-4EA4-931E-2DEA36611CB4}.Debug|Any CPU.Build.0 = Debug|Any CPU
		{60505BC0-7889-4EA4-931E-2DEA36611CB4}.Release|Any CPU.ActiveCfg = Release|Any CPU
		{60505BC0-7889-4EA4-931E-2DEA36611CB4}.Release|Any CPU.Build.0 = Release|Any CPU
	EndGlobalSection
	GlobalSection(SolutionProperties) = preSolution
		HideSolutionNode = FALSE
	EndGlobalSection
	GlobalSection(ExtensibilityGlobals) = postSolution
		SolutionGuid = {B8A11EA2-6F5C-49A3-9919-642E4D74E686}
	EndGlobalSection
EndGlobal
